
Microsoft Visual Studio Solution File, Format Version 12.00
# Visual Studio 15
Project("{FAE04EC0-301F-11D3-BF4B-00C04F79EFBC}") = "CountingValleys", "CountingValleys\CountingValleys.csproj", "{BAE6B584-AE07-4490-88A5-CBA7EB3D762D}"
EndProject
Global
	GlobalSection(SolutionConfigurationPlatforms) = preSolution
		Debug|anycpu = Debug|anycpu
		Release|anycpu = Release|anycpu
	EndGlobalSection
	GlobalSection(ProjectConfigurationPlatforms) = postSolution
		{BAE6B584-AE07-4490-88A5-CBA7EB3D762D}.Debug|anycpu.ActiveCfg = Debug|anycpu
		{BAE6B584-AE07-4490-88A5-CBA7EB3D762D}.Debug|anycpu.Build.0 = Debug|anycpu
		{BAE6B584-AE07-4490-88A5-CBA7EB3D762D}.Release|anycpu.ActiveCfg = Release|anycpu
		{BAE6B584-AE07-4490-88A5-CBA7EB3D762D}.Release|anycpu.Build.0 = Release|anycpu
	EndGlobalSection
EndGlobal
